
Microsoft Visual Studio Solution File, Format Version 12.00
# Visual Studio Version 17
VisualStudioVersion = 17.11.35312.102
MinimumVisualStudioVersion = 10.0.40219.1
Project("{FAE04EC0-301F-11D3-BF4B-00C04F79EFBC}") = "CRUDLibrary", "CRUDLibrary\CRUDLibrary.csproj", "{01082A7F-4749-4B87-BEA6-FCC908B44575}"
EndProject
Global
	GlobalSection(SolutionConfigurationPlatforms) = preSolution
		Debug|Any CPU = Debug|Any CPU
		Release|Any CPU = Release|Any CPU
	EndGlobalSection
	GlobalSection(ProjectConfigurationPlatforms) = postSolution
		{01082A7F-4749-4B87-BEA6-FCC908B44575}.Debug|Any CPU.ActiveCfg = Debug|Any CPU
		{01082A7F-4749-4B87-BEA6-FCC908B44575}.Debug|Any CPU.Build.0 = Debug|Any CPU
		{01082A7F-4749-4B87-BEA6-FCC908B44575}.Release|Any CPU.ActiveCfg = Release|Any CPU
		{01082A7F-4749-4B87-BEA6-FCC908B44575}.Release|Any CPU.Build.0 = Release|Any CPU
	EndGlobalSection
	GlobalSection(SolutionProperties) = preSolution
		HideSolutionNode = FALSE
	EndGlobalSection
	GlobalSection(ExtensibilityGlobals) = postSolution
		SolutionGuid = {54331491-989E-4DDE-B030-ED996CEC2C75}
	EndGlobalSection
EndGlobal
